// !$*UTF8*$!
{
	archiveVersion = 1;
	classes = {
	};
	objectVersion = 46;
	objects = {

/* Begin PBXBuildFile section */
		1C753C848D0F60FDC9C3FA90 /* libPods-TTTest.a in Frameworks */ = {isa = PBXBuildFile; fileRef = 5DE5D567E0928345B67A1ED0 /* libPods-TTTest.a */; };
		EC4092C61B991F8700BF46EC /* CustomView.m in Sources */ = {isa = PBXBuildFile; fileRef = EC4092C51B991F8600BF46EC /* CustomView.m */; };
		EC52F9791F848CC100A2F3A4 /* AnimView.m in Sources */ = {isa = PBXBuildFile; fileRef = EC52F9781F848CC100A2F3A4 /* AnimView.m */; };
		EC52F97C1F84959200A2F3A4 /* TTThread.m in Sources */ = {isa = PBXBuildFile; fileRef = EC52F97B1F84959200A2F3A4 /* TTThread.m */; };
		EC98705C1AB962FE0082A832 /* main.m in Sources */ = {isa = PBXBuildFile; fileRef = EC98705B1AB962FE0082A832 /* main.m */; };
		EC98705F1AB962FE0082A832 /* AppDelegate.m in Sources */ = {isa = PBXBuildFile; fileRef = EC98705E1AB962FE0082A832 /* AppDelegate.m */; };
		EC9870621AB962FE0082A832 /* ViewController.m in Sources */ = {isa = PBXBuildFile; fileRef = EC9870611AB962FE0082A832 /* ViewController.m */; };
		EC9870671AB962FE0082A832 /* Images.xcassets in Resources */ = {isa = PBXBuildFile; fileRef = EC9870661AB962FE0082A832 /* Images.xcassets */; };
		EC98706A1AB962FE0082A832 /* LaunchScreen.xib in Resources */ = {isa = PBXBuildFile; fileRef = EC9870681AB962FE0082A832 /* LaunchScreen.xib */; };
		EC9870761AB962FF0082A832 /* TTTestTests.m in Sources */ = {isa = PBXBuildFile; fileRef = EC9870751AB962FF0082A832 /* TTTestTests.m */; };
		EC9870811AB9631C0082A832 /* BViewController.m in Sources */ = {isa = PBXBuildFile; fileRef = EC9870801AB9631C0082A832 /* BViewController.m */; };
		ECE0F1061E9FCF1D0062C927 /* TTSpringBoardServices.m in Sources */ = {isa = PBXBuildFile; fileRef = ECE0F1051E9FCF1D0062C927 /* TTSpringBoardServices.m */; };
		ECE0F1081E9FD83F0062C927 /* libproc.tbd in Frameworks */ = {isa = PBXBuildFile; fileRef = ECE0F1071E9FD83F0062C927 /* libproc.tbd */; };
		ECE263FD1BE7A40B003C1AC9 /* TTTableViewController.m in Sources */ = {isa = PBXBuildFile; fileRef = ECE263FC1BE7A40B003C1AC9 /* TTTableViewController.m */; };
		ECF629C51F7CF8860088CEEA /* TestGCD.m in Sources */ = {isa = PBXBuildFile; fileRef = ECF629C41F7CF8860088CEEA /* TestGCD.m */; };
/* End PBXBuildFile section */

/* Begin PBXContainerItemProxy section */
		EC9870701AB962FF0082A832 /* PBXContainerItemProxy */ = {
			isa = PBXContainerItemProxy;
			containerPortal = EC98704E1AB962FE0082A832 /* Project object */;
			proxyType = 1;
			remoteGlobalIDString = EC9870551AB962FE0082A832;
			remoteInfo = TTTest;
		};
/* End PBXContainerItemProxy section */

/* Begin PBXFileReference section */
		4129743360EFFE0DDF12203C /* Pods-TTTest.debug.xcconfig */ = {isa = PBXFileReference; includeInIndex = 1; lastKnownFileType = text.xcconfig; name = "Pods-TTTest.debug.xcconfig"; path = "Pods/Target Support Files/Pods-TTTest/Pods-TTTest.debug.xcconfig"; sourceTree = "<group>"; };
		5DE5D567E0928345B67A1ED0 /* libPods-TTTest.a */ = {isa = PBXFileReference; explicitFileType = archive.ar; includeInIndex = 0; path = "libPods-TTTest.a"; sourceTree = BUILT_PRODUCTS_DIR; };
		D9F7D300E08DC0BEF5F575A1 /* Pods-TTTest.release.xcconfig */ = {isa = PBXFileReference; includeInIndex = 1; lastKnownFileType = text.xcconfig; name = "Pods-TTTest.release.xcconfig"; path = "Pods/Target Support Files/Pods-TTTest/Pods-TTTest.release.xcconfig"; sourceTree = "<group>"; };
		EC4092C41B991F8600BF46EC /* CustomView.h */ = {isa = PBXFileReference; fileEncoding = 4; lastKnownFileType = sourcecode.c.h; path = CustomView.h; sourceTree = "<group>"; };
		EC4092C51B991F8600BF46EC /* CustomView.m */ = {isa = PBXFileReference; fileEncoding = 4; lastKnownFileType = sourcecode.c.objc; path = CustomView.m; sourceTree = "<group>"; };
		EC4727791D0D8FBD0023EE51 /* libpili-librtmp.a */ = {isa = PBXFileReference; lastKnownFileType = archive.ar; name = "libpili-librtmp.a"; path = "Pods/../build/Debug-iphoneos/libpili-librtmp.a"; sourceTree = "<group>"; };
		EC4C82101BACDC2C00B3C151 /* libMasonry.a */ = {isa = PBXFileReference; lastKnownFileType = archive.ar; name = libMasonry.a; path = "Pods/../build/Debug-iphoneos/libMasonry.a"; sourceTree = "<group>"; };
		EC52F9771F848CC100A2F3A4 /* AnimView.h */ = {isa = PBXFileReference; fileEncoding = 4; lastKnownFileType = sourcecode.c.h; path = AnimView.h; sourceTree = "<group>"; };
		EC52F9781F848CC100A2F3A4 /* AnimView.m */ = {isa = PBXFileReference; fileEncoding = 4; lastKnownFileType = sourcecode.c.objc; path = AnimView.m; sourceTree = "<group>"; };
		EC52F97A1F84959200A2F3A4 /* TTThread.h */ = {isa = PBXFileReference; fileEncoding = 4; lastKnownFileType = sourcecode.c.h; path = TTThread.h; sourceTree = "<group>"; };
		EC52F97B1F84959200A2F3A4 /* TTThread.m */ = {isa = PBXFileReference; fileEncoding = 4; lastKnownFileType = sourcecode.c.objc; path = TTThread.m; sourceTree = "<group>"; };
		EC9870561AB962FE0082A832 /* TTTest.app */ = {isa = PBXFileReference; explicitFileType = wrapper.application; includeInIndex = 0; path = TTTest.app; sourceTree = BUILT_PRODUCTS_DIR; };
		EC98705A1AB962FE0082A832 /* Info.plist */ = {isa = PBXFileReference; lastKnownFileType = text.plist.xml; path = Info.plist; sourceTree = "<group>"; };
		EC98705B1AB962FE0082A832 /* main.m */ = {isa = PBXFileReference; lastKnownFileType = sourcecode.c.objc; path = main.m; sourceTree = "<group>"; };
		EC98705D1AB962FE0082A832 /* AppDelegate.h */ = {isa = PBXFileReference; lastKnownFileType = sourcecode.c.h; path = AppDelegate.h; sourceTree = "<group>"; };
		EC98705E1AB962FE0082A832 /* AppDelegate.m */ = {isa = PBXFileReference; lastKnownFileType = sourcecode.c.objc; path = AppDelegate.m; sourceTree = "<group>"; };
		EC9870601AB962FE0082A832 /* ViewController.h */ = {isa = PBXFileReference; lastKnownFileType = sourcecode.c.h; path = ViewController.h; sourceTree = "<group>"; };
		EC9870611AB962FE0082A832 /* ViewController.m */ = {isa = PBXFileReference; lastKnownFileType = sourcecode.c.objc; path = ViewController.m; sourceTree = "<group>"; };
		EC9870661AB962FE0082A832 /* Images.xcassets */ = {isa = PBXFileReference; lastKnownFileType = folder.assetcatalog; path = Images.xcassets; sourceTree = "<group>"; };
		EC9870691AB962FE0082A832 /* Base */ = {isa = PBXFileReference; lastKnownFileType = file.xib; name = Base; path = Base.lproj/LaunchScreen.xib; sourceTree = "<group>"; };
		EC98706F1AB962FF0082A832 /* TTTestTests.xctest */ = {isa = PBXFileReference; explicitFileType = wrapper.cfbundle; includeInIndex = 0; path = TTTestTests.xctest; sourceTree = BUILT_PRODUCTS_DIR; };
		EC9870741AB962FF0082A832 /* Info.plist */ = {isa = PBXFileReference; lastKnownFileType = text.plist.xml; path = Info.plist; sourceTree = "<group>"; };
		EC9870751AB962FF0082A832 /* TTTestTests.m */ = {isa = PBXFileReference; lastKnownFileType = sourcecode.c.objc; path = TTTestTests.m; sourceTree = "<group>"; };
		EC98707F1AB9631B0082A832 /* BViewController.h */ = {isa = PBXFileReference; fileEncoding = 4; lastKnownFileType = sourcecode.c.h; path = BViewController.h; sourceTree = "<group>"; };
		EC9870801AB9631C0082A832 /* BViewController.m */ = {isa = PBXFileReference; fileEncoding = 4; lastKnownFileType = sourcecode.c.objc; path = BViewController.m; sourceTree = "<group>"; };
		ECC66F941F79E213003F2076 /* TestProtocol.h */ = {isa = PBXFileReference; fileEncoding = 4; lastKnownFileType = sourcecode.c.h; path = TestProtocol.h; sourceTree = "<group>"; };
		ECE0F1041E9FCF1D0062C927 /* TTSpringBoardServices.h */ = {isa = PBXFileReference; fileEncoding = 4; lastKnownFileType = sourcecode.c.h; path = TTSpringBoardServices.h; sourceTree = "<group>"; };
		ECE0F1051E9FCF1D0062C927 /* TTSpringBoardServices.m */ = {isa = PBXFileReference; fileEncoding = 4; lastKnownFileType = sourcecode.c.objc; path = TTSpringBoardServices.m; sourceTree = "<group>"; };
		ECE0F1071E9FD83F0062C927 /* libproc.tbd */ = {isa = PBXFileReference; lastKnownFileType = "sourcecode.text-based-dylib-definition"; name = libproc.tbd; path = usr/lib/libproc.tbd; sourceTree = SDKROOT; };
		ECE263FB1BE7A40B003C1AC9 /* TTTableViewController.h */ = {isa = PBXFileReference; fileEncoding = 4; lastKnownFileType = sourcecode.c.h; path = TTTableViewController.h; sourceTree = "<group>"; };
		ECE263FC1BE7A40B003C1AC9 /* TTTableViewController.m */ = {isa = PBXFileReference; fileEncoding = 4; lastKnownFileType = sourcecode.c.objc; path = TTTableViewController.m; sourceTree = "<group>"; };
		ECF629C31F7CF8860088CEEA /* TestGCD.h */ = {isa = PBXFileReference; fileEncoding = 4; lastKnownFileType = sourcecode.c.h; path = TestGCD.h; sourceTree = "<group>"; };
		ECF629C41F7CF8860088CEEA /* TestGCD.m */ = {isa = PBXFileReference; fileEncoding = 4; lastKnownFileType = sourcecode.c.objc; path = TestGCD.m; sourceTree = "<group>"; };
/* End PBXFileReference section */

/* Begin PBXFrameworksBuildPhase section */
		EC9870531AB962FE0082A832 /* Frameworks */ = {
			isa = PBXFrameworksBuildPhase;
			buildActionMask = 2147483647;
			files = (
				ECE0F1081E9FD83F0062C927 /* libproc.tbd in Frameworks */,
				1C753C848D0F60FDC9C3FA90 /* libPods-TTTest.a in Frameworks */,
			);
			runOnlyForDeploymentPostprocessing = 0;
		};
		EC98706C1AB962FF0082A832 /* Frameworks */ = {
			isa = PBXFrameworksBuildPhase;
			buildActionMask = 2147483647;
			files = (
			);
			runOnlyForDeploymentPostprocessing = 0;
		};
/* End PBXFrameworksBuildPhase section */

/* Begin PBXGroup section */
		74FA4CE61E2327E565C32E1F /* Frameworks */ = {
			isa = PBXGroup;
			children = (
				ECE0F1071E9FD83F0062C927 /* libproc.tbd */,
				EC4727791D0D8FBD0023EE51 /* libpili-librtmp.a */,
				EC4C82101BACDC2C00B3C151 /* libMasonry.a */,
				5DE5D567E0928345B67A1ED0 /* libPods-TTTest.a */,
			);
			name = Frameworks;
			sourceTree = "<group>";
		};
		BFEC3318AE69A2A256D7A2AD /* Pods */ = {
			isa = PBXGroup;
			children = (
				4129743360EFFE0DDF12203C /* Pods-TTTest.debug.xcconfig */,
				D9F7D300E08DC0BEF5F575A1 /* Pods-TTTest.release.xcconfig */,
			);
			name = Pods;
			sourceTree = "<group>";
		};
		EC98704D1AB962FE0082A832 = {
			isa = PBXGroup;
			children = (
				EC9870581AB962FE0082A832 /* TTTest */,
				EC9870721AB962FF0082A832 /* TTTestTests */,
				EC9870571AB962FE0082A832 /* Products */,
				BFEC3318AE69A2A256D7A2AD /* Pods */,
				74FA4CE61E2327E565C32E1F /* Frameworks */,
			);
			sourceTree = "<group>";
		};
		EC9870571AB962FE0082A832 /* Products */ = {
			isa = PBXGroup;
			children = (
				EC9870561AB962FE0082A832 /* TTTest.app */,
				EC98706F1AB962FF0082A832 /* TTTestTests.xctest */,
			);
			name = Products;
			sourceTree = "<group>";
		};
		EC9870581AB962FE0082A832 /* TTTest */ = {
			isa = PBXGroup;
			children = (
				EC98705D1AB962FE0082A832 /* AppDelegate.h */,
				EC98705E1AB962FE0082A832 /* AppDelegate.m */,
				EC9870601AB962FE0082A832 /* ViewController.h */,
				EC9870611AB962FE0082A832 /* ViewController.m */,
				EC98707F1AB9631B0082A832 /* BViewController.h */,
				EC9870801AB9631C0082A832 /* BViewController.m */,
				ECE263FB1BE7A40B003C1AC9 /* TTTableViewController.h */,
				ECE263FC1BE7A40B003C1AC9 /* TTTableViewController.m */,
				EC4092C41B991F8600BF46EC /* CustomView.h */,
				EC4092C51B991F8600BF46EC /* CustomView.m */,
				ECF629C31F7CF8860088CEEA /* TestGCD.h */,
				ECF629C41F7CF8860088CEEA /* TestGCD.m */,
				ECC66F941F79E213003F2076 /* TestProtocol.h */,
				EC52F9771F848CC100A2F3A4 /* AnimView.h */,
				EC52F9781F848CC100A2F3A4 /* AnimView.m */,
				EC52F97A1F84959200A2F3A4 /* TTThread.h */,
				EC52F97B1F84959200A2F3A4 /* TTThread.m */,
				EC9870661AB962FE0082A832 /* Images.xcassets */,
				EC9870681AB962FE0082A832 /* LaunchScreen.xib */,
				EC9870591AB962FE0082A832 /* Supporting Files */,
				ECE0F1041E9FCF1D0062C927 /* TTSpringBoardServices.h */,
				ECE0F1051E9FCF1D0062C927 /* TTSpringBoardServices.m */,
			);
			path = TTTest;
			sourceTree = "<group>";
		};
		EC9870591AB962FE0082A832 /* Supporting Files */ = {
			isa = PBXGroup;
			children = (
				EC98705A1AB962FE0082A832 /* Info.plist */,
				EC98705B1AB962FE0082A832 /* main.m */,
			);
			name = "Supporting Files";
			sourceTree = "<group>";
		};
		EC9870721AB962FF0082A832 /* TTTestTests */ = {
			isa = PBXGroup;
			children = (
				EC9870751AB962FF0082A832 /* TTTestTests.m */,
				EC9870731AB962FF0082A832 /* Supporting Files */,
			);
			path = TTTestTests;
			sourceTree = "<group>";
		};
		EC9870731AB962FF0082A832 /* Supporting Files */ = {
			isa = PBXGroup;
			children = (
				EC9870741AB962FF0082A832 /* Info.plist */,
			);
			name = "Supporting Files";
			sourceTree = "<group>";
		};
/* End PBXGroup section */

/* Begin PBXNativeTarget section */
		EC9870551AB962FE0082A832 /* TTTest */ = {
			isa = PBXNativeTarget;
			buildConfigurationList = EC9870791AB962FF0082A832 /* Build configuration list for PBXNativeTarget "TTTest" */;
			buildPhases = (
				9810175EA2A0EB2C15BF5EA9 /* Check Pods Manifest.lock */,
				EC9870521AB962FE0082A832 /* Sources */,
				EC9870531AB962FE0082A832 /* Frameworks */,
				EC9870541AB962FE0082A832 /* Resources */,
				1BC9F06819CDC0D7638A9B60 /* Copy Pods Resources */,
				D8C743547CD0EAB2C99576B3 /* Embed Pods Frameworks */,
			);
			buildRules = (
			);
			dependencies = (
			);
			name = TTTest;
			productName = TTTest;
			productReference = EC9870561AB962FE0082A832 /* TTTest.app */;
			productType = "com.apple.product-type.application";
		};
		EC98706E1AB962FF0082A832 /* TTTestTests */ = {
			isa = PBXNativeTarget;
			buildConfigurationList = EC98707C1AB962FF0082A832 /* Build configuration list for PBXNativeTarget "TTTestTests" */;
			buildPhases = (
				EC98706B1AB962FF0082A832 /* Sources */,
				EC98706C1AB962FF0082A832 /* Frameworks */,
				EC98706D1AB962FF0082A832 /* Resources */,
			);
			buildRules = (
			);
			dependencies = (
				EC9870711AB962FF0082A832 /* PBXTargetDependency */,
			);
			name = TTTestTests;
			productName = TTTestTests;
			productReference = EC98706F1AB962FF0082A832 /* TTTestTests.xctest */;
			productType = "com.apple.product-type.bundle.unit-test";
		};
/* End PBXNativeTarget section */

/* Begin PBXProject section */
		EC98704E1AB962FE0082A832 /* Project object */ = {
			isa = PBXProject;
			attributes = {
				LastUpgradeCheck = 0610;
				ORGANIZATIONNAME = tina;
				TargetAttributes = {
					EC9870551AB962FE0082A832 = {
						CreatedOnToolsVersion = 6.1.1;
						DevelopmentTeam = 4B2QYB9XQX;
					};
					EC98706E1AB962FF0082A832 = {
						CreatedOnToolsVersion = 6.1.1;
						DevelopmentTeam = 4B2QYB9XQX;
						TestTargetID = EC9870551AB962FE0082A832;
					};
				};
			};
			buildConfigurationList = EC9870511AB962FE0082A832 /* Build configuration list for PBXProject "TTTest" */;
			compatibilityVersion = "Xcode 3.2";
			developmentRegion = English;
			hasScannedForEncodings = 0;
			knownRegions = (
				en,
				Base,
			);
			mainGroup = EC98704D1AB962FE0082A832;
			productRefGroup = EC9870571AB962FE0082A832 /* Products */;
			projectDirPath = "";
			projectRoot = "";
			targets = (
				EC9870551AB962FE0082A832 /* TTTest */,
				EC98706E1AB962FF0082A832 /* TTTestTests */,
			);
		};
/* End PBXProject section */

/* Begin PBXResourcesBuildPhase section */
		EC9870541AB962FE0082A832 /* Resources */ = {
			isa = PBXResourcesBuildPhase;
			buildActionMask = 2147483647;
			files = (
				EC98706A1AB962FE0082A832 /* LaunchScreen.xib in Resources */,
				EC9870671AB962FE0082A832 /* Images.xcassets in Resources */,
			);
			runOnlyForDeploymentPostprocessing = 0;
		};
		EC98706D1AB962FF0082A832 /* Resources */ = {
			isa = PBXResourcesBuildPhase;
			buildActionMask = 2147483647;
			files = (
			);
			runOnlyForDeploymentPostprocessing = 0;
		};
/* End PBXResourcesBuildPhase section */

/* Begin PBXShellScriptBuildPhase section */
		1BC9F06819CDC0D7638A9B60 /* Copy Pods Resources */ = {
			isa = PBXShellScriptBuildPhase;
			buildActionMask = 2147483647;
			files = (
			);
			inputPaths = (
			);
			name = "Copy Pods Resources";
			outputPaths = (
			);
			runOnlyForDeploymentPostprocessing = 0;
			shellPath = /bin/sh;
			shellScript = "\"${SRCROOT}/Pods/Target Support Files/Pods-TTTest/Pods-TTTest-resources.sh\"\n";
			showEnvVarsInLog = 0;
		};
		9810175EA2A0EB2C15BF5EA9 /* Check Pods Manifest.lock */ = {
			isa = PBXShellScriptBuildPhase;
			buildActionMask = 2147483647;
			files = (
			);
			inputPaths = (
			);
			name = "Check Pods Manifest.lock";
			outputPaths = (
			);
			runOnlyForDeploymentPostprocessing = 0;
			shellPath = /bin/sh;
			shellScript = "diff \"${PODS_ROOT}/../Podfile.lock\" \"${PODS_ROOT}/Manifest.lock\" > /dev/null\nif [[ $? != 0 ]] ; then\n    cat << EOM\nerror: The sandbox is not in sync with the Podfile.lock. Run 'pod install' or update your CocoaPods installation.\nEOM\n    exit 1\nfi\n";
			showEnvVarsInLog = 0;
		};
		D8C743547CD0EAB2C99576B3 /* Embed Pods Frameworks */ = {
			isa = PBXShellScriptBuildPhase;
			buildActionMask = 2147483647;
			files = (
			);
			inputPaths = (
			);
			name = "Embed Pods Frameworks";
			outputPaths = (
			);
			runOnlyForDeploymentPostprocessing = 0;
			shellPath = /bin/sh;
			shellScript = "\"${SRCROOT}/Pods/Target Support Files/Pods-TTTest/Pods-TTTest-frameworks.sh\"\n";
			showEnvVarsInLog = 0;
		};
/* End PBXShellScriptBuildPhase section */

/* Begin PBXSourcesBuildPhase section */
		EC9870521AB962FE0082A832 /* Sources */ = {
			isa = PBXSourcesBuildPhase;
			buildActionMask = 2147483647;
			files = (
				ECE0F1061E9FCF1D0062C927 /* TTSpringBoardServices.m in Sources */,
				EC4092C61B991F8700BF46EC /* CustomView.m in Sources */,
				ECF629C51F7CF8860088CEEA /* TestGCD.m in Sources */,
				EC9870621AB962FE0082A832 /* ViewController.m in Sources */,
				EC9870811AB9631C0082A832 /* BViewController.m in Sources */,
				ECE263FD1BE7A40B003C1AC9 /* TTTableViewController.m in Sources */,
				EC98705F1AB962FE0082A832 /* AppDelegate.m in Sources */,
				EC52F97C1F84959200A2F3A4 /* TTThread.m in Sources */,
				EC98705C1AB962FE0082A832 /* main.m in Sources */,
				EC52F9791F848CC100A2F3A4 /* AnimView.m in Sources */,
			);
			runOnlyForDeploymentPostprocessing = 0;
		};
		EC98706B1AB962FF0082A832 /* Sources */ = {
			isa = PBXSourcesBuildPhase;
			buildActionMask = 2147483647;
			files = (
				EC9870761AB962FF0082A832 /* TTTestTests.m in Sources */,
			);
			runOnlyForDeploymentPostprocessing = 0;
		};
/* End PBXSourcesBuildPhase section */

/* Begin PBXTargetDependency section */
		EC9870711AB962FF0082A832 /* PBXTargetDependency */ = {
			isa = PBXTargetDependency;
			target = EC9870551AB962FE0082A832 /* TTTest */;
			targetProxy = EC9870701AB962FF0082A832 /* PBXContainerItemProxy */;
		};
/* End PBXTargetDependency section */

/* Begin PBXVariantGroup section */
		EC9870681AB962FE0082A832 /* LaunchScreen.xib */ = {
			isa = PBXVariantGroup;
			children = (
				EC9870691AB962FE0082A832 /* Base */,
			);
			name = LaunchScreen.xib;
			sourceTree = "<group>";
		};
/* End PBXVariantGroup section */

/* Begin XCBuildConfiguration section */
		EC9870771AB962FF0082A832 /* Debug */ = {
			isa = XCBuildConfiguration;
			buildSettings = {
				ALWAYS_SEARCH_USER_PATHS = NO;
				CLANG_CXX_LANGUAGE_STANDARD = "gnu++0x";
				CLANG_CXX_LIBRARY = "libc++";
				CLANG_ENABLE_MODULES = YES;
				CLANG_ENABLE_OBJC_ARC = YES;
				CLANG_WARN_BOOL_CONVERSION = YES;
				CLANG_WARN_CONSTANT_CONVERSION = YES;
				CLANG_WARN_DIRECT_OBJC_ISA_USAGE = YES_ERROR;
				CLANG_WARN_EMPTY_BODY = YES;
				CLANG_WARN_ENUM_CONVERSION = YES;
				CLANG_WARN_INT_CONVERSION = YES;
				CLANG_WARN_OBJC_ROOT_CLASS = YES_ERROR;
				CLANG_WARN_UNREACHABLE_CODE = YES;
				CLANG_WARN__DUPLICATE_METHOD_MATCH = YES;
				"CODE_SIGN_IDENTITY[sdk=iphoneos*]" = "iPhone Developer";
				COPY_PHASE_STRIP = NO;
				ENABLE_STRICT_OBJC_MSGSEND = YES;
				GCC_C_LANGUAGE_STANDARD = gnu99;
				GCC_DYNAMIC_NO_PIC = NO;
				GCC_OPTIMIZATION_LEVEL = 0;
				GCC_PREPROCESSOR_DEFINITIONS = (
					"DEBUG=1",
					"$(inherited)",
				);
				GCC_SYMBOLS_PRIVATE_EXTERN = NO;
				GCC_WARN_64_TO_32_BIT_CONVERSION = YES;
				GCC_WARN_ABOUT_RETURN_TYPE = YES_ERROR;
				GCC_WARN_UNDECLARED_SELECTOR = YES;
				GCC_WARN_UNINITIALIZED_AUTOS = YES_AGGRESSIVE;
				GCC_WARN_UNUSED_FUNCTION = YES;
				GCC_WARN_UNUSED_VARIABLE = YES;
				IPHONEOS_DEPLOYMENT_TARGET = 8.1;
				MTL_ENABLE_DEBUG_INFO = YES;
				ONLY_ACTIVE_ARCH = YES;
				SDKROOT = iphoneos;
				TARGETED_DEVICE_FAMILY = "1,2";
			};
			name = Debug;
		};
		EC9870781AB962FF0082A832 /* Release */ = {
			isa = XCBuildConfiguration;
			buildSettings = {
				ALWAYS_SEARCH_USER_PATHS = NO;
				CLANG_CXX_LANGUAGE_STANDARD = "gnu++0x";
				CLANG_CXX_LIBRARY = "libc++";
				CLANG_ENABLE_MODULES = YES;
				CLANG_ENABLE_OBJC_ARC = YES;
				CLANG_WARN_BOOL_CONVERSION = YES;
				CLANG_WARN_CONSTANT_CONVERSION = YES;
				CLANG_WARN_DIRECT_OBJC_ISA_USAGE = YES_ERROR;
				CLANG_WARN_EMPTY_BODY = YES;
				CLANG_WARN_ENUM_CONVERSION = YES;
				CLANG_WARN_INT_CONVERSION = YES;
				CLANG_WARN_OBJC_ROOT_CLASS = YES_ERROR;
				CLANG_WARN_UNREACHABLE_CODE = YES;
				CLANG_WARN__DUPLICATE_METHOD_MATCH = YES;
				"CODE_SIGN_IDENTITY[sdk=iphoneos*]" = "iPhone Developer";
				COPY_PHASE_STRIP = YES;
				ENABLE_NS_ASSERTIONS = NO;
				ENABLE_STRICT_OBJC_MSGSEND = YES;
				GCC_C_LANGUAGE_STANDARD = gnu99;
				GCC_WARN_64_TO_32_BIT_CONVERSION = YES;
				GCC_WARN_ABOUT_RETURN_TYPE = YES_ERROR;
				GCC_WARN_UNDECLARED_SELECTOR = YES;
				GCC_WARN_UNINITIALIZED_AUTOS = YES_AGGRESSIVE;
				GCC_WARN_UNUSED_FUNCTION = YES;
				GCC_WARN_UNUSED_VARIABLE = YES;
				IPHONEOS_DEPLOYMENT_TARGET = 8.1;
				MTL_ENABLE_DEBUG_INFO = NO;
				SDKROOT = iphoneos;
				TARGETED_DEVICE_FAMILY = "1,2";
				VALIDATE_PRODUCT = YES;
			};
			name = Release;
		};
		EC98707A1AB962FF0082A832 /* Debug */ = {
			isa = XCBuildConfiguration;
			baseConfigurationReference = 4129743360EFFE0DDF12203C /* Pods-TTTest.debug.xcconfig */;
			buildSettings = {
				ASSETCATALOG_COMPILER_APPICON_NAME = AppIcon;
				DEVELOPMENT_TEAM = 4B2QYB9XQX;
				INFOPLIST_FILE = TTTest/Info.plist;
				LD_RUNPATH_SEARCH_PATHS = "$(inherited) @executable_path/Frameworks";
				LIBRARY_SEARCH_PATHS = (
					"$(inherited)",
					"$(PROJECT_DIR)/build/Debug-iphoneos",
				);
				OTHER_CFLAGS = (
					"$(inherited)",
					"-isystem",
					"\"${PODS_ROOT}/Headers/Public\"",
					"-isystem",
					"\"${PODS_ROOT}/Headers/Public/Masonry\"",
					"-isystem",
					"\"${PODS_ROOT}/Headers/Public/PLPlayerKit\"",
					"-isystem",
					"\"${PODS_ROOT}/Headers/Public/pili-librtmp\"",
					"-fembed-bitcode",
				);
				OTHER_CPLUSPLUSFLAGS = (
					"$(OTHER_CFLAGS)",
					"-fembed-bitcode",
				);
				OTHER_LDFLAGS = (
					"$(inherited)",
					"-ObjC",
					"-l\"Masonry\"",
					"-framework",
					"\"Foundation\"",
					"-framework",
					"\"UIKit\"",
				);
				PRODUCT_BUNDLE_IDENTIFIER = com.tina.TestSwift;
				PRODUCT_NAME = "$(TARGET_NAME)";
			};
			name = Debug;
		};
		EC98707B1AB962FF0082A832 /* Release */ = {
			isa = XCBuildConfiguration;
			baseConfigurationReference = D9F7D300E08DC0BEF5F575A1 /* Pods-TTTest.release.xcconfig */;
			buildSettings = {
				ASSETCATALOG_COMPILER_APPICON_NAME = AppIcon;
				DEVELOPMENT_TEAM = 4B2QYB9XQX;
				INFOPLIST_FILE = TTTest/Info.plist;
				LD_RUNPATH_SEARCH_PATHS = "$(inherited) @executable_path/Frameworks";
				LIBRARY_SEARCH_PATHS = (
					"$(inherited)",
					"$(PROJECT_DIR)/build/Debug-iphoneos",
				);
				OTHER_CFLAGS = (
					"$(inherited)",
					"-isystem",
					"\"${PODS_ROOT}/Headers/Public\"",
					"-isystem",
					"\"${PODS_ROOT}/Headers/Public/Masonry\"",
					"-isystem",
					"\"${PODS_ROOT}/Headers/Public/PLPlayerKit\"",
					"-isystem",
					"\"${PODS_ROOT}/Headers/Public/pili-librtmp\"",
					"-fembed-bitcode",
				);
				OTHER_CPLUSPLUSFLAGS = (
					"$(OTHER_CFLAGS)",
					"-fembed-bitcode",
				);
				OTHER_LDFLAGS = (
					"$(inherited)",
					"-ObjC",
					"-l\"Masonry\"",
					"-framework",
					"\"Foundation\"",
					"-framework",
					"\"UIKit\"",
				);
				PRODUCT_BUNDLE_IDENTIFIER = com.tina.TestSwift;
				PRODUCT_NAME = "$(TARGET_NAME)";
			};
			name = Release;
		};
		EC98707D1AB962FF0082A832 /* Debug */ = {
			isa = XCBuildConfiguration;
			buildSettings = {
				BUNDLE_LOADER = "$(TEST_HOST)";
				DEVELOPMENT_TEAM = 4B2QYB9XQX;
				FRAMEWORK_SEARCH_PATHS = (
					"$(SDKROOT)/Developer/Library/Frameworks",
					"$(inherited)",
				);
				GCC_PREPROCESSOR_DEFINITIONS = (
					"DEBUG=1",
					"$(inherited)",
				);
				INFOPLIST_FILE = TTTestTests/Info.plist;
				LD_RUNPATH_SEARCH_PATHS = "$(inherited) @executable_path/Frameworks @loader_path/Frameworks";
				PRODUCT_NAME = "$(TARGET_NAME)";
				TEST_HOST = "$(BUILT_PRODUCTS_DIR)/TTTest.app/TTTest";
			};
			name = Debug;
		};
		EC98707E1AB962FF0082A832 /* Release */ = {
			isa = XCBuildConfiguration;
			buildSettings = {
				BUNDLE_LOADER = "$(TEST_HOST)";
				DEVELOPMENT_TEAM = 4B2QYB9XQX;
				FRAMEWORK_SEARCH_PATHS = (
					"$(SDKROOT)/Developer/Library/Frameworks",
					"$(inherited)",
				);
				INFOPLIST_FILE = TTTestTests/Info.plist;
				LD_RUNPATH_SEARCH_PATHS = "$(inherited) @executable_path/Frameworks @loader_path/Frameworks";
				PRODUCT_NAME = "$(TARGET_NAME)";
				TEST_HOST = "$(BUILT_PRODUCTS_DIR)/TTTest.app/TTTest";
			};
			name = Release;
		};
/* End XCBuildConfiguration section */

/* Begin XCConfigurationList section */
		EC9870511AB962FE0082A832 /* Build configuration list for PBXProject "TTTest" */ = {
			isa = XCConfigurationList;
			buildConfigurations = (
				EC9870771AB962FF0082A832 /* Debug */,
				EC9870781AB962FF0082A832 /* Release */,
			);
			defaultConfigurationIsVisible = 0;
			defaultConfigurationName = Release;
		};
		EC9870791AB962FF0082A832 /* Build configuration list for PBXNativeTarget "TTTest" */ = {
			isa = XCConfigurationList;
			buildConfigurations = (
				EC98707A1AB962FF0082A832 /* Debug */,
				EC98707B1AB962FF0082A832 /* Release */,
			);
			defaultConfigurationIsVisible = 0;
			defaultConfigurationName = Release;
		};
		EC98707C1AB962FF0082A832 /* Build configuration list for PBXNativeTarget "TTTestTests" */ = {
			isa = XCConfigurationList;
			buildConfigurations = (
				EC98707D1AB962FF0082A832 /* Debug */,
				EC98707E1AB962FF0082A832 /* Release */,
			);
			defaultConfigurationIsVisible = 0;
			defaultConfigurationName = Release;
		};
/* End XCConfigurationList section */
	};
	rootObject = EC98704E1AB962FE0082A832 /* Project object */;
}
